// !$*UTF8*$!
{
	archiveVersion = 1;
	classes = {
	};
	objectVersion = 50;
	objects = {

/* Begin PBXBuildFile section */
		2CF4C05B227186F00092F177 /* AppDelegate.swift in Sources */ = {isa = PBXBuildFile; fileRef = 2CF4C05A227186F00092F177 /* AppDelegate.swift */; };
		2CF4C05D227186F00092F177 /* ViewController.swift in Sources */ = {isa = PBXBuildFile; fileRef = 2CF4C05C227186F00092F177 /* ViewController.swift */; };
		2CF4C060227186F00092F177 /* Main.storyboard in Resources */ = {isa = PBXBuildFile; fileRef = 2CF4C05E227186F00092F177 /* Main.storyboard */; };
		2CF4C062227186F20092F177 /* Assets.xcassets in Resources */ = {isa = PBXBuildFile; fileRef = 2CF4C061227186F20092F177 /* Assets.xcassets */; };
		2CF4C065227186F20092F177 /* LaunchScreen.storyboard in Resources */ = {isa = PBXBuildFile; fileRef = 2CF4C063227186F20092F177 /* LaunchScreen.storyboard */; };
		2CF4C071227188350092F177 /* CardViewCell.swift in Sources */ = {isa = PBXBuildFile; fileRef = 2CF4C06F227188350092F177 /* CardViewCell.swift */; };
		2CF4C072227188350092F177 /* CardViewCell.xib in Resources */ = {isa = PBXBuildFile; fileRef = 2CF4C070227188350092F177 /* CardViewCell.xib */; };
		2CF4C07522718CAD0092F177 /* Card.swift in Sources */ = {isa = PBXBuildFile; fileRef = 2CF4C07422718CAD0092F177 /* Card.swift */; };
		2CF4C078227196390092F177 /* CellInterface.swift in Sources */ = {isa = PBXBuildFile; fileRef = 2CF4C077227196390092F177 /* CellInterface.swift */; };
/* End PBXBuildFile section */

/* Begin PBXFileReference section */
		2CF4C057227186F00092F177 /* marketplace.app */ = {isa = PBXFileReference; explicitFileType = wrapper.application; includeInIndex = 0; path = marketplace.app; sourceTree = BUILT_PRODUCTS_DIR; };
		2CF4C05A227186F00092F177 /* AppDelegate.swift */ = {isa = PBXFileReference; lastKnownFileType = sourcecode.swift; path = AppDelegate.swift; sourceTree = "<group>"; };
		2CF4C05C227186F00092F177 /* ViewController.swift */ = {isa = PBXFileReference; lastKnownFileType = sourcecode.swift; path = ViewController.swift; sourceTree = "<group>"; };
		2CF4C05F227186F00092F177 /* Base */ = {isa = PBXFileReference; lastKnownFileType = file.storyboard; name = Base; path = Base.lproj/Main.storyboard; sourceTree = "<group>"; };
		2CF4C061227186F20092F177 /* Assets.xcassets */ = {isa = PBXFileReference; lastKnownFileType = folder.assetcatalog; path = Assets.xcassets; sourceTree = "<group>"; };
		2CF4C064227186F20092F177 /* Base */ = {isa = PBXFileReference; lastKnownFileType = file.storyboard; name = Base; path = Base.lproj/LaunchScreen.storyboard; sourceTree = "<group>"; };
		2CF4C066227186F20092F177 /* Info.plist */ = {isa = PBXFileReference; lastKnownFileType = text.plist.xml; path = Info.plist; sourceTree = "<group>"; };
		2CF4C06F227188350092F177 /* CardViewCell.swift */ = {isa = PBXFileReference; lastKnownFileType = sourcecode.swift; path = CardViewCell.swift; sourceTree = "<group>"; };
		2CF4C070227188350092F177 /* CardViewCell.xib */ = {isa = PBXFileReference; lastKnownFileType = file.xib; path = CardViewCell.xib; sourceTree = "<group>"; };
		2CF4C07422718CAD0092F177 /* Card.swift */ = {isa = PBXFileReference; lastKnownFileType = sourcecode.swift; path = Card.swift; sourceTree = "<group>"; };
		2CF4C077227196390092F177 /* CellInterface.swift */ = {isa = PBXFileReference; lastKnownFileType = sourcecode.swift; path = CellInterface.swift; sourceTree = "<group>"; };
/* End PBXFileReference section */

/* Begin PBXFrameworksBuildPhase section */
		2CF4C054227186F00092F177 /* Frameworks */ = {
			isa = PBXFrameworksBuildPhase;
			buildActionMask = 2147483647;
			files = (
			);
			runOnlyForDeploymentPostprocessing = 0;
		};
/* End PBXFrameworksBuildPhase section */

/* Begin PBXGroup section */
		2CF4C04E227186F00092F177 = {
			isa = PBXGroup;
			children = (
				2CF4C059227186F00092F177 /* marketplace */,
				2CF4C058227186F00092F177 /* Products */,
			);
			sourceTree = "<group>";
		};
		2CF4C058227186F00092F177 /* Products */ = {
			isa = PBXGroup;
			children = (
				2CF4C057227186F00092F177 /* marketplace.app */,
			);
			name = Products;
			sourceTree = "<group>";
		};
		2CF4C059227186F00092F177 /* marketplace */ = {
			isa = PBXGroup;
			children = (
				2CF4C076227196120092F177 /* Protocols */,
				2CF4C06E227187B70092F177 /* Models */,
				2CF4C06D227187AE0092F177 /* Views */,
				2CF4C06C227187980092F177 /* Controllers */,
				2CF4C05A227186F00092F177 /* AppDelegate.swift */,
				2CF4C05E227186F00092F177 /* Main.storyboard */,
				2CF4C061227186F20092F177 /* Assets.xcassets */,
				2CF4C063227186F20092F177 /* LaunchScreen.storyboard */,
				2CF4C066227186F20092F177 /* Info.plist */,
			);
			path = marketplace;
			sourceTree = "<group>";
		};
		2CF4C06C227187980092F177 /* Controllers */ = {
			isa = PBXGroup;
			children = (
				2CF4C05C227186F00092F177 /* ViewController.swift */,
			);
			path = Controllers;
			sourceTree = "<group>";
		};
		2CF4C06D227187AE0092F177 /* Views */ = {
			isa = PBXGroup;
			children = (
				2CF4C0732271883C0092F177 /* CardCell */,
			);
			path = Views;
			sourceTree = "<group>";
		};
		2CF4C06E227187B70092F177 /* Models */ = {
			isa = PBXGroup;
			children = (
				2CF4C07422718CAD0092F177 /* Card.swift */,
			);
			path = Models;
			sourceTree = "<group>";
		};
		2CF4C0732271883C0092F177 /* CardCell */ = {
			isa = PBXGroup;
			children = (
				2CF4C06F227188350092F177 /* CardViewCell.swift */,
				2CF4C070227188350092F177 /* CardViewCell.xib */,
			);
			path = CardCell;
			sourceTree = "<group>";
		};
		2CF4C076227196120092F177 /* Protocols */ = {
			isa = PBXGroup;
			children = (
				2CF4C077227196390092F177 /* CellInterface.swift */,
			);
			path = Protocols;
			sourceTree = "<group>";
		};
/* End PBXGroup section */

/* Begin PBXNativeTarget section */
		2CF4C056227186F00092F177 /* marketplace */ = {
			isa = PBXNativeTarget;
			buildConfigurationList = 2CF4C069227186F20092F177 /* Build configuration list for PBXNativeTarget "marketplace" */;
			buildPhases = (
				2CF4C053227186F00092F177 /* Sources */,
				2CF4C054227186F00092F177 /* Frameworks */,
				2CF4C055227186F00092F177 /* Resources */,
			);
			buildRules = (
			);
			dependencies = (
			);
			name = marketplace;
			productName = marketplace;
			productReference = 2CF4C057227186F00092F177 /* marketplace.app */;
			productType = "com.apple.product-type.application";
		};
/* End PBXNativeTarget section */

/* Begin PBXProject section */
		2CF4C04F227186F00092F177 /* Project object */ = {
			isa = PBXProject;
			attributes = {
				LastSwiftUpdateCheck = 1020;
				LastUpgradeCheck = 1020;
				ORGANIZATIONNAME = Dmitriy;
				TargetAttributes = {
					2CF4C056227186F00092F177 = {
						CreatedOnToolsVersion = 10.2.1;
					};
				};
			};
			buildConfigurationList = 2CF4C052227186F00092F177 /* Build configuration list for PBXProject "marketplace" */;
			compatibilityVersion = "Xcode 9.3";
			developmentRegion = en;
			hasScannedForEncodings = 0;
			knownRegions = (
				en,
				Base,
			);
			mainGroup = 2CF4C04E227186F00092F177;
			productRefGroup = 2CF4C058227186F00092F177 /* Products */;
			projectDirPath = "";
			projectRoot = "";
			targets = (
				2CF4C056227186F00092F177 /* marketplace */,
			);
		};
/* End PBXProject section */

/* Begin PBXResourcesBuildPhase section */
		2CF4C055227186F00092F177 /* Resources */ = {
			isa = PBXResourcesBuildPhase;
			buildActionMask = 2147483647;
			files = (
				2CF4C065227186F20092F177 /* LaunchScreen.storyboard in Resources */,
				2CF4C062227186F20092F177 /* Assets.xcassets in Resources */,
				2CF4C072227188350092F177 /* CardViewCell.xib in Resources */,
				2CF4C060227186F00092F177 /* Main.storyboard in Resources */,
			);
			runOnlyForDeploymentPostprocessing = 0;
		};
/* End PBXResourcesBuildPhase section */

/* Begin PBXSourcesBuildPhase section */
		2CF4C053227186F00092F177 /* Sources */ = {
			isa = PBXSourcesBuildPhase;
			buildActionMask = 2147483647;
			files = (
				2CF4C078227196390092F177 /* CellInterface.swift in Sources */,
				2CF4C071227188350092F177 /* CardViewCell.swift in Sources */,
				2CF4C05D227186F00092F177 /* ViewController.swift in Sources */,
				2CF4C05B227186F00092F177 /* AppDelegate.swift in Sources */,
				2CF4C07522718CAD0092F177 /* Card.swift in Sources */,
			);
			runOnlyForDeploymentPostprocessing = 0;
		};
/* End PBXSourcesBuildPhase section */

/* Begin PBXVariantGroup section */
		2CF4C05E227186F00092F177 /* Main.storyboard */ = {
			isa = PBXVariantGroup;
			children = (
				2CF4C05F227186F00092F177 /* Base */,
			);
			name = Main.storyboard;
			sourceTree = "<group>";
		};
		2CF4C063227186F20092F177 /* LaunchScreen.storyboard */ = {
			isa = PBXVariantGroup;
			children = (
				2CF4C064227186F20092F177 /* Base */,
			);
			name = LaunchScreen.storyboard;
			sourceTree = "<group>";
		};
/* End PBXVariantGroup section */

/* Begin XCBuildConfiguration section */
		2CF4C067227186F20092F177 /* Debug */ = {
			isa = XCBuildConfiguration;
			buildSettings = {
				ALWAYS_SEARCH_USER_PATHS = NO;
				CLANG_ANALYZER_NONNULL = YES;
				CLANG_ANALYZER_NUMBER_OBJECT_CONVERSION = YES_AGGRESSIVE;
				CLANG_CXX_LANGUAGE_STANDARD = "gnu++14";
				CLANG_CXX_LIBRARY = "libc++";
				CLANG_ENABLE_MODULES = YES;
				CLANG_ENABLE_OBJC_ARC = YES;
				CLANG_ENABLE_OBJC_WEAK = YES;
				CLANG_WARN_BLOCK_CAPTURE_AUTORELEASING = YES;
				CLANG_WARN_BOOL_CONVERSION = YES;
				CLANG_WARN_COMMA = YES;
				CLANG_WARN_CONSTANT_CONVERSION = YES;
				CLANG_WARN_DEPRECATED_OBJC_IMPLEMENTATIONS = YES;
				CLANG_WARN_DIRECT_OBJC_ISA_USAGE = YES_ERROR;
				CLANG_WARN_DOCUMENTATION_COMMENTS = YES;
				CLANG_WARN_EMPTY_BODY = YES;
				CLANG_WARN_ENUM_CONVERSION = YES;
				CLANG_WARN_INFINITE_RECURSION = YES;
				CLANG_WARN_INT_CONVERSION = YES;
				CLANG_WARN_NON_LITERAL_NULL_CONVERSION = YES;
				CLANG_WARN_OBJC_IMPLICIT_RETAIN_SELF = YES;
				CLANG_WARN_OBJC_LITERAL_CONVERSION = YES;
				CLANG_WARN_OBJC_ROOT_CLASS = YES_ERROR;
				CLANG_WARN_RANGE_LOOP_ANALYSIS = YES;
				CLANG_WARN_STRICT_PROTOTYPES = YES;
				CLANG_WARN_SUSPICIOUS_MOVE = YES;
				CLANG_WARN_UNGUARDED_AVAILABILITY = YES_AGGRESSIVE;
				CLANG_WARN_UNREACHABLE_CODE = YES;
				CLANG_WARN__DUPLICATE_METHOD_MATCH = YES;
				CODE_SIGN_IDENTITY = "iPhone Developer";
				COPY_PHASE_STRIP = NO;
				DEBUG_INFORMATION_FORMAT = dwarf;
				ENABLE_STRICT_OBJC_MSGSEND = YES;
				ENABLE_TESTABILITY = YES;
				GCC_C_LANGUAGE_STANDARD = gnu11;
				GCC_DYNAMIC_NO_PIC = NO;
				GCC_NO_COMMON_BLOCKS = YES;
				GCC_OPTIMIZATION_LEVEL = 0;
				GCC_PREPROCESSOR_DEFINITIONS = (
					"DEBUG=1",
					"$(inherited)",
				);
				GCC_WARN_64_TO_32_BIT_CONVERSION = YES;
				GCC_WARN_ABOUT_RETURN_TYPE = YES_ERROR;
				GCC_WARN_UNDECLARED_SELECTOR = YES;
				GCC_WARN_UNINITIALIZED_AUTOS = YES_AGGRESSIVE;
				GCC_WARN_UNUSED_FUNCTION = YES;
				GCC_WARN_UNUSED_VARIABLE = YES;
				IPHONEOS_DEPLOYMENT_TARGET = 12.2;
				MTL_ENABLE_DEBUG_INFO = INCLUDE_SOURCE;
				MTL_FAST_MATH = YES;
				ONLY_ACTIVE_ARCH = YES;
				SDKROOT = iphoneos;
				SWIFT_ACTIVE_COMPILATION_CONDITIONS = DEBUG;
				SWIFT_OPTIMIZATION_LEVEL = "-Onone";
			};
			name = Debug;
		};
		2CF4C068227186F20092F177 /* Release */ = {
			isa = XCBuildConfiguration;
			buildSettings = {
				ALWAYS_SEARCH_USER_PATHS = NO;
				CLANG_ANALYZER_NONNULL = YES;
				CLANG_ANALYZER_NUMBER_OBJECT_CONVERSION = YES_AGGRESSIVE;
				CLANG_CXX_LANGUAGE_STANDARD = "gnu++14";
				CLANG_CXX_LIBRARY = "libc++";
				CLANG_ENABLE_MODULES = YES;
				CLANG_ENABLE_OBJC_ARC = YES;
				CLANG_ENABLE_OBJC_WEAK = YES;
				CLANG_WARN_BLOCK_CAPTURE_AUTORELEASING = YES;
				CLANG_WARN_BOOL_CONVERSION = YES;
				CLANG_WARN_COMMA = YES;
				CLANG_WARN_CONSTANT_CONVERSION = YES;
				CLANG_WARN_DEPRECATED_OBJC_IMPLEMENTATIONS = YES;
				CLANG_WARN_DIRECT_OBJC_ISA_USAGE = YES_ERROR;
				CLANG_WARN_DOCUMENTATION_COMMENTS = YES;
				CLANG_WARN_EMPTY_BODY = YES;
				CLANG_WARN_ENUM_CONVERSION = YES;
				CLANG_WARN_INFINITE_RECURSION = YES;
				CLANG_WARN_INT_CONVERSION = YES;
				CLANG_WARN_NON_LITERAL_NULL_CONVERSION = YES;
				CLANG_WARN_OBJC_IMPLICIT_RETAIN_SELF = YES;
				CLANG_WARN_OBJC_LITERAL_CONVERSION = YES;
				CLANG_WARN_OBJC_ROOT_CLASS = YES_ERROR;
				CLANG_WARN_RANGE_LOOP_ANALYSIS = YES;
				CLANG_WARN_STRICT_PROTOTYPES = YES;
				CLANG_WARN_SUSPICIOUS_MOVE = YES;
				CLANG_WARN_UNGUARDED_AVAILABILITY = YES_AGGRESSIVE;
				CLANG_WARN_UNREACHABLE_CODE = YES;
				CLANG_WARN__DUPLICATE_METHOD_MATCH = YES;
				CODE_SIGN_IDENTITY = "iPhone Developer";
				COPY_PHASE_STRIP = NO;
				DEBUG_INFORMATION_FORMAT = "dwarf-with-dsym";
				ENABLE_NS_ASSERTIONS = NO;
				ENABLE_STRICT_OBJC_MSGSEND = YES;
				GCC_C_LANGUAGE_STANDARD = gnu11;
				GCC_NO_COMMON_BLOCKS = YES;
				GCC_WARN_64_TO_32_BIT_CONVERSION = YES;
				GCC_WARN_ABOUT_RETURN_TYPE = YES_ERROR;
				GCC_WARN_UNDECLARED_SELECTOR = YES;
				GCC_WARN_UNINITIALIZED_AUTOS = YES_AGGRESSIVE;
				GCC_WARN_UNUSED_FUNCTION = YES;
				GCC_WARN_UNUSED_VARIABLE = YES;
				IPHONEOS_DEPLOYMENT_TARGET = 12.2;
				MTL_ENABLE_DEBUG_INFO = NO;
				MTL_FAST_MATH = YES;
				SDKROOT = iphoneos;
				SWIFT_COMPILATION_MODE = wholemodule;
				SWIFT_OPTIMIZATION_LEVEL = "-O";
				VALIDATE_PRODUCT = YES;
			};
			name = Release;
		};
		2CF4C06A227186F20092F177 /* Debug */ = {
			isa = XCBuildConfiguration;
			buildSettings = {
				ASSETCATALOG_COMPILER_APPICON_NAME = AppIcon;
				CODE_SIGN_STYLE = Automatic;
				INFOPLIST_FILE = marketplace/Info.plist;
				LD_RUNPATH_SEARCH_PATHS = (
					"$(inherited)",
					"@executable_path/Frameworks",
				);
				PRODUCT_BUNDLE_IDENTIFIER = com.dmitriy.mpe.marketplace;
				PRODUCT_NAME = "$(TARGET_NAME)";
				SWIFT_VERSION = 5.0;
				TARGETED_DEVICE_FAMILY = "1,2";
			};
			name = Debug;
		};
		2CF4C06B227186F20092F177 /* Release */ = {
			isa = XCBuildConfiguration;
			buildSettings = {
				ASSETCATALOG_COMPILER_APPICON_NAME = AppIcon;
				CODE_SIGN_STYLE = Automatic;
				INFOPLIST_FILE = marketplace/Info.plist;
				LD_RUNPATH_SEARCH_PATHS = (
					"$(inherited)",
					"@executable_path/Frameworks",
				);
				PRODUCT_BUNDLE_IDENTIFIER = com.dmitriy.mpe.marketplace;
				PRODUCT_NAME = "$(TARGET_NAME)";
				SWIFT_VERSION = 5.0;
				TARGETED_DEVICE_FAMILY = "1,2";
			};
			name = Release;
		};
/* End XCBuildConfiguration section */

/* Begin XCConfigurationList section */
		2CF4C052227186F00092F177 /* Build configuration list for PBXProject "marketplace" */ = {
			isa = XCConfigurationList;
			buildConfigurations = (
				2CF4C067227186F20092F177 /* Debug */,
				2CF4C068227186F20092F177 /* Release */,
			);
			defaultConfigurationIsVisible = 0;
			defaultConfigurationName = Release;
		};
		2CF4C069227186F20092F177 /* Build configuration list for PBXNativeTarget "marketplace" */ = {
			isa = XCConfigurationList;
			buildConfigurations = (
				2CF4C06A227186F20092F177 /* Debug */,
				2CF4C06B227186F20092F177 /* Release */,
			);
			defaultConfigurationIsVisible = 0;
			defaultConfigurationName = Release;
		};
/* End XCConfigurationList section */
	};
	rootObject = 2CF4C04F227186F00092F177 /* Project object */;
}
